// !$*UTF8*$!
{
	archiveVersion = 1;
	classes = {
	};
	objectVersion = 60;
	objects = {

/* Begin PBXBuildFile section */
		2C4E001B2D1A000100000001 /* EnglishLearningAppApp.swift in Sources */ = {isa = PBXBuildFile; fileRef = 2C4E00102D1A000100000001 /* EnglishLearningAppApp.swift */; };
		2C4E001C2D1A000100000001 /* LearningModels.swift in Sources */ = {isa = PBXBuildFile; fileRef = 2C4E00112D1A000100000001 /* LearningModels.swift */; };
		2C4E001D2D1A000100000001 /* SampleData.swift in Sources */ = {isa = PBXBuildFile; fileRef = 2C4E00122D1A000100000001 /* SampleData.swift */; };
		2C4E001E2D1A000100000001 /* ContentView.swift in Sources */ = {isa = PBXBuildFile; fileRef = 2C4E00132D1A000100000001 /* ContentView.swift */; };
		2C4E001F2D1A000100000001 /* TodayView.swift in Sources */ = {isa = PBXBuildFile; fileRef = 2C4E00142D1A000100000001 /* TodayView.swift */; };
		2C4E00202D1A000100000001 /* ThemeLibraryView.swift in Sources */ = {isa = PBXBuildFile; fileRef = 2C4E00152D1A000100000001 /* ThemeLibraryView.swift */; };
		2C4E00212D1A000100000001 /* SpeakingPracticeView.swift in Sources */ = {isa = PBXBuildFile; fileRef = 2C4E00162D1A000100000001 /* SpeakingPracticeView.swift */; };
		2C4E00222D1A000100000001 /* ReviewView.swift in Sources */ = {isa = PBXBuildFile; fileRef = 2C4E00172D1A000100000001 /* ReviewView.swift */; };
		2C4E00232D1A000100000001 /* SharedComponents.swift in Sources */ = {isa = PBXBuildFile; fileRef = 2C4E00182D1A000100000001 /* SharedComponents.swift */; };
/* End PBXBuildFile section */

/* Begin PBXFileReference section */
		2C4E000B2D1A000100000001 /* EnglishLearningApp.app */ = {isa = PBXFileReference; explicitFileType = wrapper.application; includeInIndex = 0; path = EnglishLearningApp.app; sourceTree = BUILT_PRODUCTS_DIR; };
		2C4E00102D1A000100000001 /* EnglishLearningAppApp.swift */ = {isa = PBXFileReference; lastKnownFileType = sourcecode.swift; path = EnglishLearningAppApp.swift; sourceTree = "<group>"; };
		2C4E00112D1A000100000001 /* LearningModels.swift */ = {isa = PBXFileReference; lastKnownFileType = sourcecode.swift; path = LearningModels.swift; sourceTree = "<group>"; };
		2C4E00122D1A000100000001 /* SampleData.swift */ = {isa = PBXFileReference; lastKnownFileType = sourcecode.swift; path = SampleData.swift; sourceTree = "<group>"; };
		2C4E00132D1A000100000001 /* ContentView.swift */ = {isa = PBXFileReference; lastKnownFileType = sourcecode.swift; path = ContentView.swift; sourceTree = "<group>"; };
		2C4E00142D1A000100000001 /* TodayView.swift */ = {isa = PBXFileReference; lastKnownFileType = sourcecode.swift; path = TodayView.swift; sourceTree = "<group>"; };
		2C4E00152D1A000100000001 /* ThemeLibraryView.swift */ = {isa = PBXFileReference; lastKnownFileType = sourcecode.swift; path = ThemeLibraryView.swift; sourceTree = "<group>"; };
		2C4E00162D1A000100000001 /* SpeakingPracticeView.swift */ = {isa = PBXFileReference; lastKnownFileType = sourcecode.swift; path = SpeakingPracticeView.swift; sourceTree = "<group>"; };
		2C4E00172D1A000100000001 /* ReviewView.swift */ = {isa = PBXFileReference; lastKnownFileType = sourcecode.swift; path = ReviewView.swift; sourceTree = "<group>"; };
		2C4E00182D1A000100000001 /* SharedComponents.swift */ = {isa = PBXFileReference; lastKnownFileType = sourcecode.swift; path = SharedComponents.swift; sourceTree = "<group>"; };
/* End PBXFileReference section */

/* Begin PBXFrameworksBuildPhase section */
		2C4E00082D1A000100000001 /* Frameworks */ = {
			isa = PBXFrameworksBuildPhase;
			buildActionMask = 2147483647;
			files = (
			);
			runOnlyForDeploymentPostprocessing = 0;
		};
/* End PBXFrameworksBuildPhase section */

/* Begin PBXGroup section */
		2C4E00022D1A000100000001 = {
			isa = PBXGroup;
			children = (
				2C4E000D2D1A000100000001 /* EnglishLearningApp */,
				2C4E000C2D1A000100000001 /* Products */,
			);
			sourceTree = "<group>";
		};
		2C4E000C2D1A000100000001 /* Products */ = {
			isa = PBXGroup;
			children = (
				2C4E000B2D1A000100000001 /* EnglishLearningApp.app */,
			);
			name = Products;
			sourceTree = "<group>";
		};
		2C4E000D2D1A000100000001 /* EnglishLearningApp */ = {
			isa = PBXGroup;
			children = (
				2C4E000E2D1A000100000001 /* App */,
				2C4E000F2D1A000100000001 /* Models */,
				2C4E00192D1A000100000001 /* Views */,
				2C4E001A2D1A000100000001 /* Resources */,
			);
			path = EnglishLearningApp;
			sourceTree = "<group>";
		};
		2C4E000E2D1A000100000001 /* App */ = {
			isa = PBXGroup;
			children = (
				2C4E00102D1A000100000001 /* EnglishLearningAppApp.swift */,
			);
			path = App;
			sourceTree = "<group>";
		};
		2C4E000F2D1A000100000001 /* Models */ = {
			isa = PBXGroup;
			children = (
				2C4E00112D1A000100000001 /* LearningModels.swift */,
				2C4E00122D1A000100000001 /* SampleData.swift */,
			);
			path = Models;
			sourceTree = "<group>";
		};
		2C4E00192D1A000100000001 /* Views */ = {
			isa = PBXGroup;
			children = (
				2C4E00132D1A000100000001 /* ContentView.swift */,
				2C4E00142D1A000100000001 /* TodayView.swift */,
				2C4E00152D1A000100000001 /* ThemeLibraryView.swift */,
				2C4E00162D1A000100000001 /* SpeakingPracticeView.swift */,
				2C4E00172D1A000100000001 /* ReviewView.swift */,
				2C4E00182D1A000100000001 /* SharedComponents.swift */,
			);
			path = Views;
			sourceTree = "<group>";
		};
		2C4E001A2D1A000100000001 /* Resources */ = {
			isa = PBXGroup;
			children = (
			);
			path = Resources;
			sourceTree = "<group>";
		};
/* End PBXGroup section */

/* Begin PBXNativeTarget section */
		2C4E000A2D1A000100000001 /* EnglishLearningApp */ = {
			isa = PBXNativeTarget;
			buildConfigurationList = 2C4E00282D1A000100000001 /* Build configuration list for PBXNativeTarget "EnglishLearningApp" */;
			buildPhases = (
				2C4E00072D1A000100000001 /* Sources */,
				2C4E00082D1A000100000001 /* Frameworks */,
				2C4E00092D1A000100000001 /* Resources */,
			);
			buildRules = (
			);
			dependencies = (
			);
			name = EnglishLearningApp;
			productName = EnglishLearningApp;
			productReference = 2C4E000B2D1A000100000001 /* EnglishLearningApp.app */;
			productType = "com.apple.product-type.application";
		};
/* End PBXNativeTarget section */

/* Begin PBXProject section */
		2C4E00032D1A000100000001 /* Project object */ = {
			isa = PBXProject;
			attributes = {
				BuildIndependentTargetsInParallel = 1;
				LastSwiftUpdateCheck = 1600;
				LastUpgradeCheck = 1600;
				TargetAttributes = {
					2C4E000A2D1A000100000001 = {
						CreatedOnToolsVersion = 16.0;
					};
				};
			};
			buildConfigurationList = 2C4E00062D1A000100000001 /* Build configuration list for PBXProject "EnglishLearningApp" */;
			compatibilityVersion = "Xcode 15.0";
			developmentRegion = en;
			hasScannedForEncodings = 0;
			knownRegions = (
				en,
				Base,
			);
			mainGroup = 2C4E00022D1A000100000001;
			productRefGroup = 2C4E000C2D1A000100000001 /* Products */;
			projectDirPath = "";
			projectRoot = "";
			targets = (
				2C4E000A2D1A000100000001 /* EnglishLearningApp */,
			);
		};
/* End PBXProject section */

/* Begin PBXResourcesBuildPhase section */
		2C4E00092D1A000100000001 /* Resources */ = {
			isa = PBXResourcesBuildPhase;
			buildActionMask = 2147483647;
			files = (
			);
			runOnlyForDeploymentPostprocessing = 0;
		};
/* End PBXResourcesBuildPhase section */

/* Begin PBXSourcesBuildPhase section */
		2C4E00072D1A000100000001 /* Sources */ = {
			isa = PBXSourcesBuildPhase;
			buildActionMask = 2147483647;
			files = (
				2C4E001B2D1A000100000001 /* EnglishLearningAppApp.swift in Sources */,
				2C4E001C2D1A000100000001 /* LearningModels.swift in Sources */,
				2C4E001D2D1A000100000001 /* SampleData.swift in Sources */,
				2C4E001E2D1A000100000001 /* ContentView.swift in Sources */,
				2C4E001F2D1A000100000001 /* TodayView.swift in Sources */,
				2C4E00202D1A000100000001 /* ThemeLibraryView.swift in Sources */,
				2C4E00212D1A000100000001 /* SpeakingPracticeView.swift in Sources */,
				2C4E00222D1A000100000001 /* ReviewView.swift in Sources */,
				2C4E00232D1A000100000001 /* SharedComponents.swift in Sources */,
			);
			runOnlyForDeploymentPostprocessing = 0;
		};
/* End PBXSourcesBuildPhase section */

/* Begin XCBuildConfiguration section */
		2C4E00242D1A000100000001 /* Debug */ = {
			isa = XCBuildConfiguration;
			buildSettings = {
				ALWAYS_SEARCH_USER_PATHS = NO;
				CLANG_ANALYZER_NONNULL = YES;
				CLANG_ANALYZER_NUMBER_OBJECT_CONVERSION = YES_AGGRESSIVE;
				CLANG_CXX_LANGUAGE_STANDARD = "gnu++20";
				CLANG_ENABLE_MODULES = YES;
				CLANG_ENABLE_OBJC_ARC = YES;
				CLANG_ENABLE_OBJC_WEAK = YES;
				CLANG_WARN_BLOCK_CAPTURE_AUTORELEASING = YES;
				CLANG_WARN_BOOL_CONVERSION = YES;
				CLANG_WARN_COMMA = YES;
				CLANG_WARN_CONSTANT_CONVERSION = YES;
				CLANG_WARN_DEPRECATED_OBJC_IMPLEMENTATIONS = YES;
				CLANG_WARN_DIRECT_OBJC_ISA_USAGE = YES_ERROR;
				CLANG_WARN_DOCUMENTATION_COMMENTS = YES;
				CLANG_WARN_EMPTY_BODY = YES;
				CLANG_WARN_ENUM_CONVERSION = YES;
				CLANG_WARN_INFINITE_RECURSION = YES;
				CLANG_WARN_INT_CONVERSION = YES;
				CLANG_WARN_NON_LITERAL_NULL_CONVERSION = YES;
				CLANG_WARN_OBJC_IMPLICIT_RETAIN_SELF = YES;
				CLANG_WARN_OBJC_LITERAL_CONVERSION = YES;
				CLANG_WARN_OBJC_ROOT_CLASS = YES_ERROR;
				CLANG_WARN_QUOTED_INCLUDE_IN_FRAMEWORK_HEADER = YES;
				CLANG_WARN_RANGE_LOOP_ANALYSIS = YES;
				CLANG_WARN_STRICT_PROTOTYPES = YES;
				CLANG_WARN_SUSPICIOUS_MOVE = YES;
				CLANG_WARN_UNGUARDED_AVAILABILITY = YES_AGGRESSIVE;
				CLANG_WARN_UNREACHABLE_CODE = YES;
				CLANG_WARN__DUPLICATE_METHOD_MATCH = YES;
				COPY_PHASE_STRIP = NO;
				DEBUG_INFORMATION_FORMAT = dwarf;
				ENABLE_STRICT_OBJC_MSGSEND = YES;
				ENABLE_TESTABILITY = YES;
				ENABLE_USER_SCRIPT_SANDBOXING = YES;
				GCC_C_LANGUAGE_STANDARD = gnu17;
				GCC_DYNAMIC_NO_PIC = NO;
				GCC_NO_COMMON_BLOCKS = YES;
				GCC_OPTIMIZATION_LEVEL = 0;
				GCC_PREPROCESSOR_DEFINITIONS = (
					"DEBUG=1",
					"$(inherited)",
				);
				GCC_WARN_64_TO_32_BIT_CONVERSION = YES;
				GCC_WARN_ABOUT_RETURN_TYPE = YES_ERROR;
				GCC_WARN_UNDECLARED_SELECTOR = YES;
				GCC_WARN_UNINITIALIZED_AUTOS = YES_AGGRESSIVE;
				GCC_WARN_UNUSED_FUNCTION = YES;
				GCC_WARN_UNUSED_VARIABLE = YES;
				IPHONEOS_DEPLOYMENT_TARGET = 17.0;
				MTL_ENABLE_DEBUG_INFO = INCLUDE_SOURCE;
				MTL_FAST_MATH = YES;
				ONLY_ACTIVE_ARCH = YES;
				SDKROOT = iphoneos;
				SWIFT_ACTIVE_COMPILATION_CONDITIONS = DEBUG;
				SWIFT_OPTIMIZATION_LEVEL = "-Onone";
			};
			name = Debug;
		};
		2C4E00252D1A000100000001 /* Release */ = {
			isa = XCBuildConfiguration;
			buildSettings = {
				ALWAYS_SEARCH_USER_PATHS = NO;
				CLANG_ANALYZER_NONNULL = YES;
				CLANG_ANALYZER_NUMBER_OBJECT_CONVERSION = YES_AGGRESSIVE;
				CLANG_CXX_LANGUAGE_STANDARD = "gnu++20";
				CLANG_ENABLE_MODULES = YES;
				CLANG_ENABLE_OBJC_ARC = YES;
				CLANG_ENABLE_OBJC_WEAK = YES;
				CLANG_WARN_BLOCK_CAPTURE_AUTORELEASING = YES;
				CLANG_WARN_BOOL_CONVERSION = YES;
				CLANG_WARN_COMMA = YES;
				CLANG_WARN_CONSTANT_CONVERSION = YES;
				CLANG_WARN_DEPRECATED_OBJC_IMPLEMENTATIONS = YES;
				CLANG_WARN_DIRECT_OBJC_ISA_USAGE = YES_ERROR;
				CLANG_WARN_DOCUMENTATION_COMMENTS = YES;
				CLANG_WARN_EMPTY_BODY = YES;
				CLANG_WARN_ENUM_CONVERSION = YES;
				CLANG_WARN_INFINITE_RECURSION = YES;
				CLANG_WARN_INT_CONVERSION = YES;
				CLANG_WARN_NON_LITERAL_NULL_CONVERSION = YES;
				CLANG_WARN_OBJC_IMPLICIT_RETAIN_SELF = YES;
				CLANG_WARN_OBJC_LITERAL_CONVERSION = YES;
				CLANG_WARN_OBJC_ROOT_CLASS = YES_ERROR;
				CLANG_WARN_QUOTED_INCLUDE_IN_FRAMEWORK_HEADER = YES;
				CLANG_WARN_RANGE_LOOP_ANALYSIS = YES;
				CLANG_WARN_STRICT_PROTOTYPES = YES;
				CLANG_WARN_SUSPICIOUS_MOVE = YES;
				CLANG_WARN_UNGUARDED_AVAILABILITY = YES_AGGRESSIVE;
				CLANG_WARN_UNREACHABLE_CODE = YES;
				CLANG_WARN__DUPLICATE_METHOD_MATCH = YES;
				COPY_PHASE_STRIP = NO;
				DEBUG_INFORMATION_FORMAT = "dwarf-with-dsym";
				ENABLE_NS_ASSERTIONS = NO;
				ENABLE_STRICT_OBJC_MSGSEND = YES;
				ENABLE_USER_SCRIPT_SANDBOXING = YES;
				GCC_C_LANGUAGE_STANDARD = gnu17;
				GCC_NO_COMMON_BLOCKS = YES;
				GCC_WARN_64_TO_32_BIT_CONVERSION = YES;
				GCC_WARN_ABOUT_RETURN_TYPE = YES_ERROR;
				GCC_WARN_UNDECLARED_SELECTOR = YES;
				GCC_WARN_UNINITIALIZED_AUTOS = YES_AGGRESSIVE;
				GCC_WARN_UNUSED_FUNCTION = YES;
				GCC_WARN_UNUSED_VARIABLE = YES;
				IPHONEOS_DEPLOYMENT_TARGET = 17.0;
				MTL_ENABLE_DEBUG_INFO = NO;
				MTL_FAST_MATH = YES;
				SDKROOT = iphoneos;
				SWIFT_COMPILATION_MODE = wholemodule;
				VALIDATE_PRODUCT = YES;
			};
			name = Release;
		};
		2C4E00262D1A000100000001 /* Debug */ = {
			isa = XCBuildConfiguration;
			buildSettings = {
				ASSETCATALOG_COMPILER_GLOBAL_ACCENT_COLOR_NAME = AccentColor;
				CODE_SIGN_STYLE = Automatic;
				CURRENT_PROJECT_VERSION = 1;
				DEVELOPMENT_TEAM = "";
				ENABLE_PREVIEWS = YES;
				GENERATE_INFOPLIST_FILE = YES;
				INFOPLIST_KEY_CFBundleDisplayName = "English";
				INFOPLIST_KEY_UILaunchScreen_Generation = YES;
				INFOPLIST_KEY_UIApplicationSceneManifest_Generation = YES;
				IPHONEOS_DEPLOYMENT_TARGET = 17.0;
				LD_RUNPATH_SEARCH_PATHS = (
					"$(inherited)",
					"@executable_path/Frameworks",
				);
				MARKETING_VERSION = 0.2.0;
				PRODUCT_BUNDLE_IDENTIFIER = com.nora633.EnglishLearningApp;
				PRODUCT_NAME = "$(TARGET_NAME)";
				SUPPORTED_PLATFORMS = "iphoneos iphonesimulator";
				SUPPORTS_MACCATALYST = NO;
				SUPPORTS_MAC_DESIGNED_FOR_IPHONE_IPAD = NO;
				SWIFT_EMIT_LOC_STRINGS = YES;
				SWIFT_VERSION = 5.0;
				TARGETED_DEVICE_FAMILY = 1;
			};
			name = Debug;
		};
		2C4E00272D1A000100000001 /* Release */ = {
			isa = XCBuildConfiguration;
			buildSettings = {
				ASSETCATALOG_COMPILER_GLOBAL_ACCENT_COLOR_NAME = AccentColor;
				CODE_SIGN_STYLE = Automatic;
				CURRENT_PROJECT_VERSION = 1;
				DEVELOPMENT_TEAM = "";
				ENABLE_PREVIEWS = YES;
				GENERATE_INFOPLIST_FILE = YES;
				INFOPLIST_KEY_CFBundleDisplayName = "English";
				INFOPLIST_KEY_UILaunchScreen_Generation = YES;
				INFOPLIST_KEY_UIApplicationSceneManifest_Generation = YES;
				IPHONEOS_DEPLOYMENT_TARGET = 17.0;
				LD_RUNPATH_SEARCH_PATHS = (
					"$(inherited)",
					"@executable_path/Frameworks",
				);
				MARKETING_VERSION = 0.2.0;
				PRODUCT_BUNDLE_IDENTIFIER = com.nora633.EnglishLearningApp;
				PRODUCT_NAME = "$(TARGET_NAME)";
				SUPPORTED_PLATFORMS = "iphoneos iphonesimulator";
				SUPPORTS_MACCATALYST = NO;
				SUPPORTS_MAC_DESIGNED_FOR_IPHONE_IPAD = NO;
				SWIFT_EMIT_LOC_STRINGS = YES;
				SWIFT_VERSION = 5.0;
				TARGETED_DEVICE_FAMILY = 1;
			};
			name = Release;
		};
/* End XCBuildConfiguration section */

/* Begin XCConfigurationList section */
		2C4E00062D1A000100000001 /* Build configuration list for PBXProject "EnglishLearningApp" */ = {
			isa = XCConfigurationList;
			buildConfigurations = (
				2C4E00242D1A000100000001 /* Debug */,
				2C4E00252D1A000100000001 /* Release */,
			);
			defaultConfigurationIsVisible = 0;
			defaultConfigurationName = Release;
		};
		2C4E00282D1A000100000001 /* Build configuration list for PBXNativeTarget "EnglishLearningApp" */ = {
			isa = XCConfigurationList;
			buildConfigurations = (
				2C4E00262D1A000100000001 /* Debug */,
				2C4E00272D1A000100000001 /* Release */,
			);
			defaultConfigurationIsVisible = 0;
			defaultConfigurationName = Release;
		};
/* End XCConfigurationList section */
	};
	rootObject = 2C4E00032D1A000100000001 /* Project object */;
}

